
Microsoft Visual Studio Solution File, Format Version 12.00
# Visual Studio Version 16
VisualStudioVersion = 16.0.31424.327
MinimumVisualStudioVersion = 10.0.40219.1
Project("{FAE04EC0-301F-11D3-BF4B-00C04F79EFBC}") = "RandomNameGenerator", "RandomNameGenerator\RandomNameGenerator.csproj", "{AE883567-6C3D-404D-8883-DBD77A6BDDA5}"
EndProject
Global
	GlobalSection(SolutionConfigurationPlatforms) = preSolution
		Debug|Any CPU = Debug|Any CPU
		Release|Any CPU = Release|Any CPU
	EndGlobalSection
	GlobalSection(ProjectConfigurationPlatforms) = postSolution
		{AE883567-6C3D-404D-8883-DBD77A6BDDA5}.Debug|Any CPU.ActiveCfg = Debug|Any CPU
		{AE883567-6C3D-404D-8883-DBD77A6BDDA5}.Debug|Any CPU.Build.0 = Debug|Any CPU
		{AE883567-6C3D-404D-8883-DBD77A6BDDA5}.Release|Any CPU.ActiveCfg = Release|Any CPU
		{AE883567-6C3D-404D-8883-DBD77A6BDDA5}.Release|Any CPU.Build.0 = Release|Any CPU
	EndGlobalSection
	GlobalSection(SolutionProperties) = preSolution
		HideSolutionNode = FALSE
	EndGlobalSection
	GlobalSection(ExtensibilityGlobals) = postSolution
		SolutionGuid = {B4B0AE10-961A-4E6D-9BCA-839153DEF85B}
	EndGlobalSection
EndGlobal
